
Microsoft Visual Studio Solution File, Format Version 12.00
# Visual Studio Version 16
VisualStudioVersion = 16.0.31402.337
MinimumVisualStudioVersion = 10.0.40219.1
Project("{FAE04EC0-301F-11D3-BF4B-00C04F79EFBC}") = "AreaCirculo", "AreaCirculo\AreaCirculo.csproj", "{C636EE34-512D-42DF-AC95-61F215EF4DB2}"
EndProject
Global
	GlobalSection(SolutionConfigurationPlatforms) = preSolution
		Debug|Any CPU = Debug|Any CPU
		Release|Any CPU = Release|Any CPU
	EndGlobalSection
	GlobalSection(ProjectConfigurationPlatforms) = postSolution
		{C636EE34-512D-42DF-AC95-61F215EF4DB2}.Debug|Any CPU.ActiveCfg = Debug|Any CPU
		{C636EE34-512D-42DF-AC95-61F215EF4DB2}.Debug|Any CPU.Build.0 = Debug|Any CPU
		{C636EE34-512D-42DF-AC95-61F215EF4DB2}.Release|Any CPU.ActiveCfg = Release|Any CPU
		{C636EE34-512D-42DF-AC95-61F215EF4DB2}.Release|Any CPU.Build.0 = Release|Any CPU
	EndGlobalSection
	GlobalSection(SolutionProperties) = preSolution
		HideSolutionNode = FALSE
	EndGlobalSection
	GlobalSection(ExtensibilityGlobals) = postSolution
		SolutionGuid = {8DA482A6-04DD-472A-A535-1180DB7EDD3E}
	EndGlobalSection
EndGlobal
